
Microsoft Visual Studio Solution File, Format Version 12.00
# Visual Studio 15
VisualStudioVersion = 15.0.28010.2048
MinimumVisualStudioVersion = 10.0.40219.1
Project("{8BC9CEB8-8B4A-11D0-8D11-00A0C91BC942}") = "SolarSystem", "SolarSystem\SolarSystem.vcxproj", "{388823BD-B82E-4803-8B6A-387FC708326E}"
EndProject
Global
	GlobalSection(SolutionConfigurationPlatforms) = preSolution
		Debug|x64 = Debug|x64
		Debug|x86 = Debug|x86
		Release|x64 = Release|x64
		Release|x86 = Release|x86
	EndGlobalSection
	GlobalSection(ProjectConfigurationPlatforms) = postSolution
		{388823BD-B82E-4803-8B6A-387FC708326E}.Debug|x64.ActiveCfg = Debug|x64
		{388823BD-B82E-4803-8B6A-387FC708326E}.Debug|x64.Build.0 = Debug|x64
		{388823BD-B82E-4803-8B6A-387FC708326E}.Debug|x86.ActiveCfg = Debug|Win32
		{388823BD-B82E-4803-8B6A-387FC708326E}.Debug|x86.Build.0 = Debug|Win32
		{388823BD-B82E-4803-8B6A-387FC708326E}.Release|x64.ActiveCfg = Release|x64
		{388823BD-B82E-4803-8B6A-387FC708326E}.Release|x64.Build.0 = Release|x64
		{388823BD-B82E-4803-8B6A-387FC708326E}.Release|x86.ActiveCfg = Release|Win32
		{388823BD-B82E-4803-8B6A-387FC708326E}.Release|x86.Build.0 = Release|Win32
	EndGlobalSection
	GlobalSection(SolutionProperties) = preSolution
		HideSolutionNode = FALSE
	EndGlobalSection
	GlobalSection(ExtensibilityGlobals) = postSolution
		SolutionGuid = {FA3A99A6-DADD-4DDD-B7EF-3F4787534B96}
	EndGlobalSection
EndGlobal
